// !$*UTF8*$!
{
	archiveVersion = 1;
	classes = {
	};
	objectVersion = 50;
	objects = {

/* Begin PBXBuildFile section */
		AA1934B521E7E4B6008A149F /* AppDelegate.swift in Sources */ = {isa = PBXBuildFile; fileRef = AA1934B421E7E4B6008A149F /* AppDelegate.swift */; };
		AA1934B721E7E4B6008A149F /* ViewController.swift in Sources */ = {isa = PBXBuildFile; fileRef = AA1934B621E7E4B6008A149F /* ViewController.swift */; };
		AA1934BA21E7E4B6008A149F /* Main.storyboard in Resources */ = {isa = PBXBuildFile; fileRef = AA1934B821E7E4B6008A149F /* Main.storyboard */; };
		AA1934BC21E7E4B9008A149F /* Assets.xcassets in Resources */ = {isa = PBXBuildFile; fileRef = AA1934BB21E7E4B9008A149F /* Assets.xcassets */; };
		AA1934BF21E7E4B9008A149F /* LaunchScreen.storyboard in Resources */ = {isa = PBXBuildFile; fileRef = AA1934BD21E7E4B9008A149F /* LaunchScreen.storyboard */; };
		AA1934C721E7E502008A149F /* GameViewController.swift in Sources */ = {isa = PBXBuildFile; fileRef = AA1934C621E7E502008A149F /* GameViewController.swift */; };
		AAE25A0E220612FC0091F9FB /* Word.swift in Sources */ = {isa = PBXBuildFile; fileRef = AAE25A0D220612FC0091F9FB /* Word.swift */; };
		AAFF16962298435000D2CD44 /* LemonMilkbold.otf in Resources */ = {isa = PBXBuildFile; fileRef = AAFF16902298435000D2CD44 /* LemonMilkbold.otf */; };
		AAFF16972298435000D2CD44 /* LemonMilkitalic.otf in Resources */ = {isa = PBXBuildFile; fileRef = AAFF16912298435000D2CD44 /* LemonMilkitalic.otf */; };
		AAFF16982298435000D2CD44 /* LemonMilk.otf in Resources */ = {isa = PBXBuildFile; fileRef = AAFF16922298435000D2CD44 /* LemonMilk.otf */; };
		AAFF16992298435000D2CD44 /* LemonMilklightitalic.otf in Resources */ = {isa = PBXBuildFile; fileRef = AAFF16932298435000D2CD44 /* LemonMilklightitalic.otf */; };
		AAFF169A2298435000D2CD44 /* LemonMilklight.otf in Resources */ = {isa = PBXBuildFile; fileRef = AAFF16942298435000D2CD44 /* LemonMilklight.otf */; };
		AAFF169B2298435000D2CD44 /* LemonMilkbolditalic.otf in Resources */ = {isa = PBXBuildFile; fileRef = AAFF16952298435000D2CD44 /* LemonMilkbolditalic.otf */; };
/* End PBXBuildFile section */

/* Begin PBXFileReference section */
		AA1934B121E7E4B6008A149F /* hangman.app */ = {isa = PBXFileReference; explicitFileType = wrapper.application; includeInIndex = 0; path = hangman.app; sourceTree = BUILT_PRODUCTS_DIR; };
		AA1934B421E7E4B6008A149F /* AppDelegate.swift */ = {isa = PBXFileReference; lastKnownFileType = sourcecode.swift; path = AppDelegate.swift; sourceTree = "<group>"; };
		AA1934B621E7E4B6008A149F /* ViewController.swift */ = {isa = PBXFileReference; lastKnownFileType = sourcecode.swift; path = ViewController.swift; sourceTree = "<group>"; };
		AA1934B921E7E4B6008A149F /* Base */ = {isa = PBXFileReference; lastKnownFileType = file.storyboard; name = Base; path = Base.lproj/Main.storyboard; sourceTree = "<group>"; };
		AA1934BB21E7E4B9008A149F /* Assets.xcassets */ = {isa = PBXFileReference; lastKnownFileType = folder.assetcatalog; path = Assets.xcassets; sourceTree = "<group>"; };
		AA1934BE21E7E4B9008A149F /* Base */ = {isa = PBXFileReference; lastKnownFileType = file.storyboard; name = Base; path = Base.lproj/LaunchScreen.storyboard; sourceTree = "<group>"; };
		AA1934C021E7E4B9008A149F /* Info.plist */ = {isa = PBXFileReference; lastKnownFileType = text.plist.xml; path = Info.plist; sourceTree = "<group>"; };
		AA1934C621E7E502008A149F /* GameViewController.swift */ = {isa = PBXFileReference; lastKnownFileType = sourcecode.swift; path = GameViewController.swift; sourceTree = "<group>"; };
		AAE25A0D220612FC0091F9FB /* Word.swift */ = {isa = PBXFileReference; lastKnownFileType = sourcecode.swift; path = Word.swift; sourceTree = "<group>"; };
		AAFF16902298435000D2CD44 /* LemonMilkbold.otf */ = {isa = PBXFileReference; lastKnownFileType = file; path = LemonMilkbold.otf; sourceTree = "<group>"; };
		AAFF16912298435000D2CD44 /* LemonMilkitalic.otf */ = {isa = PBXFileReference; lastKnownFileType = file; path = LemonMilkitalic.otf; sourceTree = "<group>"; };
		AAFF16922298435000D2CD44 /* LemonMilk.otf */ = {isa = PBXFileReference; lastKnownFileType = file; path = LemonMilk.otf; sourceTree = "<group>"; };
		AAFF16932298435000D2CD44 /* LemonMilklightitalic.otf */ = {isa = PBXFileReference; lastKnownFileType = file; path = LemonMilklightitalic.otf; sourceTree = "<group>"; };
		AAFF16942298435000D2CD44 /* LemonMilklight.otf */ = {isa = PBXFileReference; lastKnownFileType = file; path = LemonMilklight.otf; sourceTree = "<group>"; };
		AAFF16952298435000D2CD44 /* LemonMilkbolditalic.otf */ = {isa = PBXFileReference; lastKnownFileType = file; path = LemonMilkbolditalic.otf; sourceTree = "<group>"; };
/* End PBXFileReference section */

/* Begin PBXFrameworksBuildPhase section */
		AA1934AE21E7E4B6008A149F /* Frameworks */ = {
			isa = PBXFrameworksBuildPhase;
			buildActionMask = 2147483647;
			files = (
			);
			runOnlyForDeploymentPostprocessing = 0;
		};
/* End PBXFrameworksBuildPhase section */

/* Begin PBXGroup section */
		AA1934A821E7E4B6008A149F = {
			isa = PBXGroup;
			children = (
				AA1934B321E7E4B6008A149F /* hangman */,
				AA1934B221E7E4B6008A149F /* Products */,
			);
			sourceTree = "<group>";
		};
		AA1934B221E7E4B6008A149F /* Products */ = {
			isa = PBXGroup;
			children = (
				AA1934B121E7E4B6008A149F /* hangman.app */,
			);
			name = Products;
			sourceTree = "<group>";
		};
		AA1934B321E7E4B6008A149F /* hangman */ = {
			isa = PBXGroup;
			children = (
				AAFF168F229842D900D2CD44 /* Resources */,
				AA4735E621FBADCD004EFD14 /* Models */,
				AA1934B421E7E4B6008A149F /* AppDelegate.swift */,
				AA1934B621E7E4B6008A149F /* ViewController.swift */,
				AA1934B821E7E4B6008A149F /* Main.storyboard */,
				AA1934BB21E7E4B9008A149F /* Assets.xcassets */,
				AA1934BD21E7E4B9008A149F /* LaunchScreen.storyboard */,
				AA1934C021E7E4B9008A149F /* Info.plist */,
				AA1934C621E7E502008A149F /* GameViewController.swift */,
			);
			path = hangman;
			sourceTree = "<group>";
		};
		AA4735E621FBADCD004EFD14 /* Models */ = {
			isa = PBXGroup;
			children = (
				AAE25A0D220612FC0091F9FB /* Word.swift */,
			);
			path = Models;
			sourceTree = "<group>";
		};
		AAFF168F229842D900D2CD44 /* Resources */ = {
			isa = PBXGroup;
			children = (
				AAFF16922298435000D2CD44 /* LemonMilk.otf */,
				AAFF16902298435000D2CD44 /* LemonMilkbold.otf */,
				AAFF16952298435000D2CD44 /* LemonMilkbolditalic.otf */,
				AAFF16912298435000D2CD44 /* LemonMilkitalic.otf */,
				AAFF16942298435000D2CD44 /* LemonMilklight.otf */,
				AAFF16932298435000D2CD44 /* LemonMilklightitalic.otf */,
			);
			path = Resources;
			sourceTree = "<group>";
		};
/* End PBXGroup section */

/* Begin PBXNativeTarget section */
		AA1934B021E7E4B6008A149F /* hangman */ = {
			isa = PBXNativeTarget;
			buildConfigurationList = AA1934C321E7E4B9008A149F /* Build configuration list for PBXNativeTarget "hangman" */;
			buildPhases = (
				AA1934AD21E7E4B6008A149F /* Sources */,
				AA1934AE21E7E4B6008A149F /* Frameworks */,
				AA1934AF21E7E4B6008A149F /* Resources */,
			);
			buildRules = (
			);
			dependencies = (
			);
			name = hangman;
			productName = hangman;
			productReference = AA1934B121E7E4B6008A149F /* hangman.app */;
			productType = "com.apple.product-type.application";
		};
/* End PBXNativeTarget section */

/* Begin PBXProject section */
		AA1934A921E7E4B6008A149F /* Project object */ = {
			isa = PBXProject;
			attributes = {
				LastSwiftUpdateCheck = 1000;
				LastUpgradeCheck = 1000;
				ORGANIZATIONNAME = "Sebastian Ortiz Velez";
				TargetAttributes = {
					AA1934B021E7E4B6008A149F = {
						CreatedOnToolsVersion = 10.0;
					};
				};
			};
			buildConfigurationList = AA1934AC21E7E4B6008A149F /* Build configuration list for PBXProject "hangman" */;
			compatibilityVersion = "Xcode 9.3";
			developmentRegion = en;
			hasScannedForEncodings = 0;
			knownRegions = (
				en,
				Base,
			);
			mainGroup = AA1934A821E7E4B6008A149F;
			productRefGroup = AA1934B221E7E4B6008A149F /* Products */;
			projectDirPath = "";
			projectRoot = "";
			targets = (
				AA1934B021E7E4B6008A149F /* hangman */,
			);
		};
/* End PBXProject section */

/* Begin PBXResourcesBuildPhase section */
		AA1934AF21E7E4B6008A149F /* Resources */ = {
			isa = PBXResourcesBuildPhase;
			buildActionMask = 2147483647;
			files = (
				AAFF16992298435000D2CD44 /* LemonMilklightitalic.otf in Resources */,
				AAFF16972298435000D2CD44 /* LemonMilkitalic.otf in Resources */,
				AA1934BF21E7E4B9008A149F /* LaunchScreen.storyboard in Resources */,
				AAFF16982298435000D2CD44 /* LemonMilk.otf in Resources */,
				AAFF16962298435000D2CD44 /* LemonMilkbold.otf in Resources */,
				AAFF169B2298435000D2CD44 /* LemonMilkbolditalic.otf in Resources */,
				AA1934BC21E7E4B9008A149F /* Assets.xcassets in Resources */,
				AAFF169A2298435000D2CD44 /* LemonMilklight.otf in Resources */,
				AA1934BA21E7E4B6008A149F /* Main.storyboard in Resources */,
			);
			runOnlyForDeploymentPostprocessing = 0;
		};
/* End PBXResourcesBuildPhase section */

/* Begin PBXSourcesBuildPhase section */
		AA1934AD21E7E4B6008A149F /* Sources */ = {
			isa = PBXSourcesBuildPhase;
			buildActionMask = 2147483647;
			files = (
				AA1934B721E7E4B6008A149F /* ViewController.swift in Sources */,
				AAE25A0E220612FC0091F9FB /* Word.swift in Sources */,
				AA1934C721E7E502008A149F /* GameViewController.swift in Sources */,
				AA1934B521E7E4B6008A149F /* AppDelegate.swift in Sources */,
			);
			runOnlyForDeploymentPostprocessing = 0;
		};
/* End PBXSourcesBuildPhase section */

/* Begin PBXVariantGroup section */
		AA1934B821E7E4B6008A149F /* Main.storyboard */ = {
			isa = PBXVariantGroup;
			children = (
				AA1934B921E7E4B6008A149F /* Base */,
			);
			name = Main.storyboard;
			sourceTree = "<group>";
		};
		AA1934BD21E7E4B9008A149F /* LaunchScreen.storyboard */ = {
			isa = PBXVariantGroup;
			children = (
				AA1934BE21E7E4B9008A149F /* Base */,
			);
			name = LaunchScreen.storyboard;
			sourceTree = "<group>";
		};
/* End PBXVariantGroup section */

/* Begin XCBuildConfiguration section */
		AA1934C121E7E4B9008A149F /* Debug */ = {
			isa = XCBuildConfiguration;
			buildSettings = {
				ALWAYS_SEARCH_USER_PATHS = NO;
				CLANG_ANALYZER_NONNULL = YES;
				CLANG_ANALYZER_NUMBER_OBJECT_CONVERSION = YES_AGGRESSIVE;
				CLANG_CXX_LANGUAGE_STANDARD = "gnu++14";
				CLANG_CXX_LIBRARY = "libc++";
				CLANG_ENABLE_MODULES = YES;
				CLANG_ENABLE_OBJC_ARC = YES;
				CLANG_ENABLE_OBJC_WEAK = YES;
				CLANG_WARN_BLOCK_CAPTURE_AUTORELEASING = YES;
				CLANG_WARN_BOOL_CONVERSION = YES;
				CLANG_WARN_COMMA = YES;
				CLANG_WARN_CONSTANT_CONVERSION = YES;
				CLANG_WARN_DEPRECATED_OBJC_IMPLEMENTATIONS = YES;
				CLANG_WARN_DIRECT_OBJC_ISA_USAGE = YES_ERROR;
				CLANG_WARN_DOCUMENTATION_COMMENTS = YES;
				CLANG_WARN_EMPTY_BODY = YES;
				CLANG_WARN_ENUM_CONVERSION = YES;
				CLANG_WARN_INFINITE_RECURSION = YES;
				CLANG_WARN_INT_CONVERSION = YES;
				CLANG_WARN_NON_LITERAL_NULL_CONVERSION = YES;
				CLANG_WARN_OBJC_IMPLICIT_RETAIN_SELF = YES;
				CLANG_WARN_OBJC_LITERAL_CONVERSION = YES;
				CLANG_WARN_OBJC_ROOT_CLASS = YES_ERROR;
				CLANG_WARN_RANGE_LOOP_ANALYSIS = YES;
				CLANG_WARN_STRICT_PROTOTYPES = YES;
				CLANG_WARN_SUSPICIOUS_MOVE = YES;
				CLANG_WARN_UNGUARDED_AVAILABILITY = YES_AGGRESSIVE;
				CLANG_WARN_UNREACHABLE_CODE = YES;
				CLANG_WARN__DUPLICATE_METHOD_MATCH = YES;
				CODE_SIGN_IDENTITY = "iPhone Developer";
				COPY_PHASE_STRIP = NO;
				DEBUG_INFORMATION_FORMAT = dwarf;
				ENABLE_STRICT_OBJC_MSGSEND = YES;
				ENABLE_TESTABILITY = YES;
				GCC_C_LANGUAGE_STANDARD = gnu11;
				GCC_DYNAMIC_NO_PIC = NO;
				GCC_NO_COMMON_BLOCKS = YES;
				GCC_OPTIMIZATION_LEVEL = 0;
				GCC_PREPROCESSOR_DEFINITIONS = (
					"DEBUG=1",
					"$(inherited)",
				);
				GCC_WARN_64_TO_32_BIT_CONVERSION = YES;
				GCC_WARN_ABOUT_RETURN_TYPE = YES_ERROR;
				GCC_WARN_UNDECLARED_SELECTOR = YES;
				GCC_WARN_UNINITIALIZED_AUTOS = YES_AGGRESSIVE;
				GCC_WARN_UNUSED_FUNCTION = YES;
				GCC_WARN_UNUSED_VARIABLE = YES;
				IPHONEOS_DEPLOYMENT_TARGET = 12.0;
				MTL_ENABLE_DEBUG_INFO = INCLUDE_SOURCE;
				MTL_FAST_MATH = YES;
				ONLY_ACTIVE_ARCH = YES;
				SDKROOT = iphoneos;
				SWIFT_ACTIVE_COMPILATION_CONDITIONS = DEBUG;
				SWIFT_OPTIMIZATION_LEVEL = "-Onone";
			};
			name = Debug;
		};
		AA1934C221E7E4B9008A149F /* Release */ = {
			isa = XCBuildConfiguration;
			buildSettings = {
				ALWAYS_SEARCH_USER_PATHS = NO;
				CLANG_ANALYZER_NONNULL = YES;
				CLANG_ANALYZER_NUMBER_OBJECT_CONVERSION = YES_AGGRESSIVE;
				CLANG_CXX_LANGUAGE_STANDARD = "gnu++14";
				CLANG_CXX_LIBRARY = "libc++";
				CLANG_ENABLE_MODULES = YES;
				CLANG_ENABLE_OBJC_ARC = YES;
				CLANG_ENABLE_OBJC_WEAK = YES;
				CLANG_WARN_BLOCK_CAPTURE_AUTORELEASING = YES;
				CLANG_WARN_BOOL_CONVERSION = YES;
				CLANG_WARN_COMMA = YES;
				CLANG_WARN_CONSTANT_CONVERSION = YES;
				CLANG_WARN_DEPRECATED_OBJC_IMPLEMENTATIONS = YES;
				CLANG_WARN_DIRECT_OBJC_ISA_USAGE = YES_ERROR;
				CLANG_WARN_DOCUMENTATION_COMMENTS = YES;
				CLANG_WARN_EMPTY_BODY = YES;
				CLANG_WARN_ENUM_CONVERSION = YES;
				CLANG_WARN_INFINITE_RECURSION = YES;
				CLANG_WARN_INT_CONVERSION = YES;
				CLANG_WARN_NON_LITERAL_NULL_CONVERSION = YES;
				CLANG_WARN_OBJC_IMPLICIT_RETAIN_SELF = YES;
				CLANG_WARN_OBJC_LITERAL_CONVERSION = YES;
				CLANG_WARN_OBJC_ROOT_CLASS = YES_ERROR;
				CLANG_WARN_RANGE_LOOP_ANALYSIS = YES;
				CLANG_WARN_STRICT_PROTOTYPES = YES;
				CLANG_WARN_SUSPICIOUS_MOVE = YES;
				CLANG_WARN_UNGUARDED_AVAILABILITY = YES_AGGRESSIVE;
				CLANG_WARN_UNREACHABLE_CODE = YES;
				CLANG_WARN__DUPLICATE_METHOD_MATCH = YES;
				CODE_SIGN_IDENTITY = "iPhone Developer";
				COPY_PHASE_STRIP = NO;
				DEBUG_INFORMATION_FORMAT = "dwarf-with-dsym";
				ENABLE_NS_ASSERTIONS = NO;
				ENABLE_STRICT_OBJC_MSGSEND = YES;
				GCC_C_LANGUAGE_STANDARD = gnu11;
				GCC_NO_COMMON_BLOCKS = YES;
				GCC_WARN_64_TO_32_BIT_CONVERSION = YES;
				GCC_WARN_ABOUT_RETURN_TYPE = YES_ERROR;
				GCC_WARN_UNDECLARED_SELECTOR = YES;
				GCC_WARN_UNINITIALIZED_AUTOS = YES_AGGRESSIVE;
				GCC_WARN_UNUSED_FUNCTION = YES;
				GCC_WARN_UNUSED_VARIABLE = YES;
				IPHONEOS_DEPLOYMENT_TARGET = 12.0;
				MTL_ENABLE_DEBUG_INFO = NO;
				MTL_FAST_MATH = YES;
				SDKROOT = iphoneos;
				SWIFT_COMPILATION_MODE = wholemodule;
				SWIFT_OPTIMIZATION_LEVEL = "-O";
				VALIDATE_PRODUCT = YES;
			};
			name = Release;
		};
		AA1934C421E7E4B9008A149F /* Debug */ = {
			isa = XCBuildConfiguration;
			buildSettings = {
				ASSETCATALOG_COMPILER_APPICON_NAME = AppIcon;
				CODE_SIGN_STYLE = Automatic;
				DEVELOPMENT_TEAM = K68V4NAV57;
				INFOPLIST_FILE = hangman/Info.plist;
				LD_RUNPATH_SEARCH_PATHS = (
					"$(inherited)",
					"@executable_path/Frameworks",
				);
				PRODUCT_BUNDLE_IDENTIFIER = com.sebastianOrtiz.hangman;
				PRODUCT_NAME = "$(TARGET_NAME)";
				SWIFT_VERSION = 4.2;
				TARGETED_DEVICE_FAMILY = "1,2";
			};
			name = Debug;
		};
		AA1934C521E7E4B9008A149F /* Release */ = {
			isa = XCBuildConfiguration;
			buildSettings = {
				ASSETCATALOG_COMPILER_APPICON_NAME = AppIcon;
				CODE_SIGN_STYLE = Automatic;
				DEVELOPMENT_TEAM = K68V4NAV57;
				INFOPLIST_FILE = hangman/Info.plist;
				LD_RUNPATH_SEARCH_PATHS = (
					"$(inherited)",
					"@executable_path/Frameworks",
				);
				PRODUCT_BUNDLE_IDENTIFIER = com.sebastianOrtiz.hangman;
				PRODUCT_NAME = "$(TARGET_NAME)";
				SWIFT_VERSION = 4.2;
				TARGETED_DEVICE_FAMILY = "1,2";
			};
			name = Release;
		};
/* End XCBuildConfiguration section */

/* Begin XCConfigurationList section */
		AA1934AC21E7E4B6008A149F /* Build configuration list for PBXProject "hangman" */ = {
			isa = XCConfigurationList;
			buildConfigurations = (
				AA1934C121E7E4B9008A149F /* Debug */,
				AA1934C221E7E4B9008A149F /* Release */,
			);
			defaultConfigurationIsVisible = 0;
			defaultConfigurationName = Release;
		};
		AA1934C321E7E4B9008A149F /* Build configuration list for PBXNativeTarget "hangman" */ = {
			isa = XCConfigurationList;
			buildConfigurations = (
				AA1934C421E7E4B9008A149F /* Debug */,
				AA1934C521E7E4B9008A149F /* Release */,
			);
			defaultConfigurationIsVisible = 0;
			defaultConfigurationName = Release;
		};
/* End XCConfigurationList section */
	};
	rootObject = AA1934A921E7E4B6008A149F /* Project object */;
}
